// !$*UTF8*$!
{
	archiveVersion = 1;
	classes = {
	};
	objectVersion = 46;
	objects = {

/* Begin PBXBuildFile section */
		81C0197E1CE740580033EAD2 /* AppDelegate.swift in Sources */ = {isa = PBXBuildFile; fileRef = 81C0197D1CE740580033EAD2 /* AppDelegate.swift */; };
		81C019801CE740580033EAD2 /* ViewController.swift in Sources */ = {isa = PBXBuildFile; fileRef = 81C0197F1CE740580033EAD2 /* ViewController.swift */; };
		81C019831CE740580033EAD2 /* Main.storyboard in Resources */ = {isa = PBXBuildFile; fileRef = 81C019811CE740580033EAD2 /* Main.storyboard */; };
		81C019851CE740580033EAD2 /* Assets.xcassets in Resources */ = {isa = PBXBuildFile; fileRef = 81C019841CE740580033EAD2 /* Assets.xcassets */; };
		81C019881CE740580033EAD2 /* LaunchScreen.storyboard in Resources */ = {isa = PBXBuildFile; fileRef = 81C019861CE740580033EAD2 /* LaunchScreen.storyboard */; };
		81C019901CE74A0D0033EAD2 /* default.gpx in Resources */ = {isa = PBXBuildFile; fileRef = 81C0198F1CE74A0D0033EAD2 /* default.gpx */; };
		81C019921CE7B0870033EAD2 /* RSGC.gpx in Resources */ = {isa = PBXBuildFile; fileRef = 81C019911CE7B0870033EAD2 /* RSGC.gpx */; };
		81C019941CE7BBCA0033EAD2 /* RogersCentre.gpx in Resources */ = {isa = PBXBuildFile; fileRef = 81C019931CE7BBCA0033EAD2 /* RogersCentre.gpx */; };
		81C019961CE80BB90033EAD2 /* MapKit.framework in Frameworks */ = {isa = PBXBuildFile; fileRef = 81C019951CE80BB80033EAD2 /* MapKit.framework */; };
		81C019981CE826180033EAD2 /* Media.xcassets in Resources */ = {isa = PBXBuildFile; fileRef = 81C019971CE826180033EAD2 /* Media.xcassets */; };
/* End PBXBuildFile section */

/* Begin PBXFileReference section */
		81C0197A1CE740580033EAD2 /* CoolingCentreFinder.app */ = {isa = PBXFileReference; explicitFileType = wrapper.application; includeInIndex = 0; path = CoolingCentreFinder.app; sourceTree = BUILT_PRODUCTS_DIR; };
		81C0197D1CE740580033EAD2 /* AppDelegate.swift */ = {isa = PBXFileReference; lastKnownFileType = sourcecode.swift; path = AppDelegate.swift; sourceTree = "<group>"; };
		81C0197F1CE740580033EAD2 /* ViewController.swift */ = {isa = PBXFileReference; lastKnownFileType = sourcecode.swift; path = ViewController.swift; sourceTree = "<group>"; };
		81C019821CE740580033EAD2 /* Base */ = {isa = PBXFileReference; lastKnownFileType = file.storyboard; name = Base; path = Base.lproj/Main.storyboard; sourceTree = "<group>"; };
		81C019841CE740580033EAD2 /* Assets.xcassets */ = {isa = PBXFileReference; lastKnownFileType = folder.assetcatalog; path = Assets.xcassets; sourceTree = "<group>"; };
		81C019871CE740580033EAD2 /* Base */ = {isa = PBXFileReference; lastKnownFileType = file.storyboard; name = Base; path = Base.lproj/LaunchScreen.storyboard; sourceTree = "<group>"; };
		81C019891CE740580033EAD2 /* Info.plist */ = {isa = PBXFileReference; lastKnownFileType = text.plist.xml; path = Info.plist; sourceTree = "<group>"; };
		81C0198F1CE74A0D0033EAD2 /* default.gpx */ = {isa = PBXFileReference; fileEncoding = 4; lastKnownFileType = text.xml; path = default.gpx; sourceTree = "<group>"; };
		81C019911CE7B0870033EAD2 /* RSGC.gpx */ = {isa = PBXFileReference; fileEncoding = 4; lastKnownFileType = text.xml; path = RSGC.gpx; sourceTree = "<group>"; };
		81C019931CE7BBCA0033EAD2 /* RogersCentre.gpx */ = {isa = PBXFileReference; fileEncoding = 4; lastKnownFileType = text.xml; path = RogersCentre.gpx; sourceTree = "<group>"; };
		81C019951CE80BB80033EAD2 /* MapKit.framework */ = {isa = PBXFileReference; lastKnownFileType = wrapper.framework; name = MapKit.framework; path = System/Library/Frameworks/MapKit.framework; sourceTree = SDKROOT; };
		81C019971CE826180033EAD2 /* Media.xcassets */ = {isa = PBXFileReference; lastKnownFileType = folder.assetcatalog; path = Media.xcassets; sourceTree = "<group>"; };
/* End PBXFileReference section */

/* Begin PBXFrameworksBuildPhase section */
		81C019771CE740580033EAD2 /* Frameworks */ = {
			isa = PBXFrameworksBuildPhase;
			buildActionMask = 2147483647;
			files = (
				81C019961CE80BB90033EAD2 /* MapKit.framework in Frameworks */,
			);
			runOnlyForDeploymentPostprocessing = 0;
		};
/* End PBXFrameworksBuildPhase section */

/* Begin PBXGroup section */
		81C019711CE740580033EAD2 = {
			isa = PBXGroup;
			children = (
				81C019951CE80BB80033EAD2 /* MapKit.framework */,
				81C019931CE7BBCA0033EAD2 /* RogersCentre.gpx */,
				81C019911CE7B0870033EAD2 /* RSGC.gpx */,
				81C0198F1CE74A0D0033EAD2 /* default.gpx */,
				81C0197C1CE740580033EAD2 /* CoolingCentreFinder */,
				81C0197B1CE740580033EAD2 /* Products */,
			);
			sourceTree = "<group>";
		};
		81C0197B1CE740580033EAD2 /* Products */ = {
			isa = PBXGroup;
			children = (
				81C0197A1CE740580033EAD2 /* CoolingCentreFinder.app */,
			);
			name = Products;
			sourceTree = "<group>";
		};
		81C0197C1CE740580033EAD2 /* CoolingCentreFinder */ = {
			isa = PBXGroup;
			children = (
				81C0197D1CE740580033EAD2 /* AppDelegate.swift */,
				81C0197F1CE740580033EAD2 /* ViewController.swift */,
				81C019971CE826180033EAD2 /* Media.xcassets */,
				81C019811CE740580033EAD2 /* Main.storyboard */,
				81C019841CE740580033EAD2 /* Assets.xcassets */,
				81C019861CE740580033EAD2 /* LaunchScreen.storyboard */,
				81C019891CE740580033EAD2 /* Info.plist */,
			);
			path = CoolingCentreFinder;
			sourceTree = "<group>";
		};
/* End PBXGroup section */

/* Begin PBXNativeTarget section */
		81C019791CE740580033EAD2 /* CoolingCentreFinder */ = {
			isa = PBXNativeTarget;
			buildConfigurationList = 81C0198C1CE740580033EAD2 /* Build configuration list for PBXNativeTarget "CoolingCentreFinder" */;
			buildPhases = (
				81C019761CE740580033EAD2 /* Sources */,
				81C019771CE740580033EAD2 /* Frameworks */,
				81C019781CE740580033EAD2 /* Resources */,
			);
			buildRules = (
			);
			dependencies = (
			);
			name = CoolingCentreFinder;
			productName = CoolingCentreFinder;
			productReference = 81C0197A1CE740580033EAD2 /* CoolingCentreFinder.app */;
			productType = "com.apple.product-type.application";
		};
/* End PBXNativeTarget section */

/* Begin PBXProject section */
		81C019721CE740580033EAD2 /* Project object */ = {
			isa = PBXProject;
			attributes = {
				LastSwiftUpdateCheck = 0730;
				LastUpgradeCheck = 0730;
				ORGANIZATIONNAME = "Royal St. George's College";
				TargetAttributes = {
					81C019791CE740580033EAD2 = {
						CreatedOnToolsVersion = 7.3.1;
						DevelopmentTeam = F7KEGER2F9;
						SystemCapabilities = {
							com.apple.Maps.iOS = {
								enabled = 1;
							};
						};
					};
				};
			};
			buildConfigurationList = 81C019751CE740580033EAD2 /* Build configuration list for PBXProject "CoolingCentreFinder" */;
			compatibilityVersion = "Xcode 3.2";
			developmentRegion = English;
			hasScannedForEncodings = 0;
			knownRegions = (
				en,
				Base,
			);
			mainGroup = 81C019711CE740580033EAD2;
			productRefGroup = 81C0197B1CE740580033EAD2 /* Products */;
			projectDirPath = "";
			projectRoot = "";
			targets = (
				81C019791CE740580033EAD2 /* CoolingCentreFinder */,
			);
		};
/* End PBXProject section */

/* Begin PBXResourcesBuildPhase section */
		81C019781CE740580033EAD2 /* Resources */ = {
			isa = PBXResourcesBuildPhase;
			buildActionMask = 2147483647;
			files = (
				81C019881CE740580033EAD2 /* LaunchScreen.storyboard in Resources */,
				81C019901CE74A0D0033EAD2 /* default.gpx in Resources */,
				81C019981CE826180033EAD2 /* Media.xcassets in Resources */,
				81C019921CE7B0870033EAD2 /* RSGC.gpx in Resources */,
				81C019851CE740580033EAD2 /* Assets.xcassets in Resources */,
				81C019941CE7BBCA0033EAD2 /* RogersCentre.gpx in Resources */,
				81C019831CE740580033EAD2 /* Main.storyboard in Resources */,
			);
			runOnlyForDeploymentPostprocessing = 0;
		};
/* End PBXResourcesBuildPhase section */

/* Begin PBXSourcesBuildPhase section */
		81C019761CE740580033EAD2 /* Sources */ = {
			isa = PBXSourcesBuildPhase;
			buildActionMask = 2147483647;
			files = (
				81C019801CE740580033EAD2 /* ViewController.swift in Sources */,
				81C0197E1CE740580033EAD2 /* AppDelegate.swift in Sources */,
			);
			runOnlyForDeploymentPostprocessing = 0;
		};
/* End PBXSourcesBuildPhase section */

/* Begin PBXVariantGroup section */
		81C019811CE740580033EAD2 /* Main.storyboard */ = {
			isa = PBXVariantGroup;
			children = (
				81C019821CE740580033EAD2 /* Base */,
			);
			name = Main.storyboard;
			sourceTree = "<group>";
		};
		81C019861CE740580033EAD2 /* LaunchScreen.storyboard */ = {
			isa = PBXVariantGroup;
			children = (
				81C019871CE740580033EAD2 /* Base */,
			);
			name = LaunchScreen.storyboard;
			sourceTree = "<group>";
		};
/* End PBXVariantGroup section */

/* Begin XCBuildConfiguration section */
		81C0198A1CE740580033EAD2 /* Debug */ = {
			isa = XCBuildConfiguration;
			buildSettings = {
				ALWAYS_SEARCH_USER_PATHS = NO;
				CLANG_ANALYZER_NONNULL = YES;
				CLANG_CXX_LANGUAGE_STANDARD = "gnu++0x";
				CLANG_CXX_LIBRARY = "libc++";
				CLANG_ENABLE_MODULES = YES;
				CLANG_ENABLE_OBJC_ARC = YES;
				CLANG_WARN_BOOL_CONVERSION = YES;
				CLANG_WARN_CONSTANT_CONVERSION = YES;
				CLANG_WARN_DIRECT_OBJC_ISA_USAGE = YES_ERROR;
				CLANG_WARN_EMPTY_BODY = YES;
				CLANG_WARN_ENUM_CONVERSION = YES;
				CLANG_WARN_INT_CONVERSION = YES;
				CLANG_WARN_OBJC_ROOT_CLASS = YES_ERROR;
				CLANG_WARN_UNREACHABLE_CODE = YES;
				CLANG_WARN__DUPLICATE_METHOD_MATCH = YES;
				"CODE_SIGN_IDENTITY[sdk=iphoneos*]" = "iPhone Developer";
				COPY_PHASE_STRIP = NO;
				DEBUG_INFORMATION_FORMAT = dwarf;
				ENABLE_STRICT_OBJC_MSGSEND = YES;
				ENABLE_TESTABILITY = YES;
				GCC_C_LANGUAGE_STANDARD = gnu99;
				GCC_DYNAMIC_NO_PIC = NO;
				GCC_NO_COMMON_BLOCKS = YES;
				GCC_OPTIMIZATION_LEVEL = 0;
				GCC_PREPROCESSOR_DEFINITIONS = (
					"DEBUG=1",
					"$(inherited)",
				);
				GCC_WARN_64_TO_32_BIT_CONVERSION = YES;
				GCC_WARN_ABOUT_RETURN_TYPE = YES_ERROR;
				GCC_WARN_UNDECLARED_SELECTOR = YES;
				GCC_WARN_UNINITIALIZED_AUTOS = YES_AGGRESSIVE;
				GCC_WARN_UNUSED_FUNCTION = YES;
				GCC_WARN_UNUSED_VARIABLE = YES;
				IPHONEOS_DEPLOYMENT_TARGET = 9.3;
				MTL_ENABLE_DEBUG_INFO = YES;
				ONLY_ACTIVE_ARCH = YES;
				SDKROOT = iphoneos;
				SWIFT_OPTIMIZATION_LEVEL = "-Onone";
				TARGETED_DEVICE_FAMILY = "1,2";
			};
			name = Debug;
		};
		81C0198B1CE740580033EAD2 /* Release */ = {
			isa = XCBuildConfiguration;
			buildSettings = {
				ALWAYS_SEARCH_USER_PATHS = NO;
				CLANG_ANALYZER_NONNULL = YES;
				CLANG_CXX_LANGUAGE_STANDARD = "gnu++0x";
				CLANG_CXX_LIBRARY = "libc++";
				CLANG_ENABLE_MODULES = YES;
				CLANG_ENABLE_OBJC_ARC = YES;
				CLANG_WARN_BOOL_CONVERSION = YES;
				CLANG_WARN_CONSTANT_CONVERSION = YES;
				CLANG_WARN_DIRECT_OBJC_ISA_USAGE = YES_ERROR;
				CLANG_WARN_EMPTY_BODY = YES;
				CLANG_WARN_ENUM_CONVERSION = YES;
				CLANG_WARN_INT_CONVERSION = YES;
				CLANG_WARN_OBJC_ROOT_CLASS = YES_ERROR;
				CLANG_WARN_UNREACHABLE_CODE = YES;
				CLANG_WARN__DUPLICATE_METHOD_MATCH = YES;
				"CODE_SIGN_IDENTITY[sdk=iphoneos*]" = "iPhone Developer";
				COPY_PHASE_STRIP = NO;
				DEBUG_INFORMATION_FORMAT = "dwarf-with-dsym";
				ENABLE_NS_ASSERTIONS = NO;
				ENABLE_STRICT_OBJC_MSGSEND = YES;
				GCC_C_LANGUAGE_STANDARD = gnu99;
				GCC_NO_COMMON_BLOCKS = YES;
				GCC_WARN_64_TO_32_BIT_CONVERSION = YES;
				GCC_WARN_ABOUT_RETURN_TYPE = YES_ERROR;
				GCC_WARN_UNDECLARED_SELECTOR = YES;
				GCC_WARN_UNINITIALIZED_AUTOS = YES_AGGRESSIVE;
				GCC_WARN_UNUSED_FUNCTION = YES;
				GCC_WARN_UNUSED_VARIABLE = YES;
				IPHONEOS_DEPLOYMENT_TARGET = 9.3;
				MTL_ENABLE_DEBUG_INFO = NO;
				SDKROOT = iphoneos;
				TARGETED_DEVICE_FAMILY = "1,2";
				VALIDATE_PRODUCT = YES;
			};
			name = Release;
		};
		81C0198D1CE740580033EAD2 /* Debug */ = {
			isa = XCBuildConfiguration;
			buildSettings = {
				ASSETCATALOG_COMPILER_APPICON_NAME = AppIcon;
				INFOPLIST_FILE = CoolingCentreFinder/Info.plist;
				LD_RUNPATH_SEARCH_PATHS = "$(inherited) @executable_path/Frameworks";
				PRODUCT_BUNDLE_IDENTIFIER = com.rsgc.gordon.russell.CoolingCentreFinder;
				PRODUCT_NAME = "$(TARGET_NAME)";
			};
			name = Debug;
		};
		81C0198E1CE740580033EAD2 /* Release */ = {
			isa = XCBuildConfiguration;
			buildSettings = {
				ASSETCATALOG_COMPILER_APPICON_NAME = AppIcon;
				INFOPLIST_FILE = CoolingCentreFinder/Info.plist;
				LD_RUNPATH_SEARCH_PATHS = "$(inherited) @executable_path/Frameworks";
				PRODUCT_BUNDLE_IDENTIFIER = com.rsgc.gordon.russell.CoolingCentreFinder;
				PRODUCT_NAME = "$(TARGET_NAME)";
			};
			name = Release;
		};
/* End XCBuildConfiguration section */

/* Begin XCConfigurationList section */
		81C019751CE740580033EAD2 /* Build configuration list for PBXProject "CoolingCentreFinder" */ = {
			isa = XCConfigurationList;
			buildConfigurations = (
				81C0198A1CE740580033EAD2 /* Debug */,
				81C0198B1CE740580033EAD2 /* Release */,
			);
			defaultConfigurationIsVisible = 0;
			defaultConfigurationName = Release;
		};
		81C0198C1CE740580033EAD2 /* Build configuration list for PBXNativeTarget "CoolingCentreFinder" */ = {
			isa = XCConfigurationList;
			buildConfigurations = (
				81C0198D1CE740580033EAD2 /* Debug */,
				81C0198E1CE740580033EAD2 /* Release */,
			);
			defaultConfigurationIsVisible = 0;
		};
/* End XCConfigurationList section */
	};
	rootObject = 81C019721CE740580033EAD2 /* Project object */;
}
